
Microsoft Visual Studio Solution File, Format Version 12.00
# Visual Studio Version 16
VisualStudioVersion = 16.0.29123.88
MinimumVisualStudioVersion = 10.0.40219.1
Project("{8BC9CEB8-8B4A-11D0-8D11-00A0C91BC942}") = "Unique_ptr", "ModernCPPStudy\ModernCPPStudy.vcxproj", "{C558D853-C086-4461-BC18-F1B18B377AAF}"
EndProject
Project("{8BC9CEB8-8B4A-11D0-8D11-00A0C91BC942}") = "Shared_ptr", "Shared_ptr\Shared_ptr.vcxproj", "{F279F8F5-1861-41AC-9933-67E21D402C61}"
EndProject
Project("{8BC9CEB8-8B4A-11D0-8D11-00A0C91BC942}") = "Weak_ptr", "Weak_ptr\Weak_ptr.vcxproj", "{4F8C5F3E-E914-42AF-9927-A38B5119F6B8}"
EndProject
Project("{8BC9CEB8-8B4A-11D0-8D11-00A0C91BC942}") = "Static_assert", "Static_assert\Static_assert.vcxproj", "{BF205444-D56C-4E35-8081-947EC9AE30A7}"
EndProject
Project("{8BC9CEB8-8B4A-11D0-8D11-00A0C91BC942}") = "Auto", "Auto\Auto.vcxproj", "{B6144C0B-3CEC-4B6F-BEEC-28415E2435D2}"
EndProject
Project("{8BC9CEB8-8B4A-11D0-8D11-00A0C91BC942}") = "push_back, emplace_back", "push_back, emplace_back\push_back, emplace_back.vcxproj", "{C247919B-F0EF-4F74-B936-95DD16490F86}"
EndProject
Project("{8BC9CEB8-8B4A-11D0-8D11-00A0C91BC942}") = "RVO", "RVO\RVO.vcxproj", "{623C8B08-CB3A-4D2D-B68F-1E8E4AE8DEE4}"
EndProject
Project("{8BC9CEB8-8B4A-11D0-8D11-00A0C91BC942}") = "Uniform initialization", "Uniform initialization\Uniform initialization.vcxproj", "{A1FB1DD5-2C98-41CB-B074-DEAD7438B41A}"
EndProject
Project("{8BC9CEB8-8B4A-11D0-8D11-00A0C91BC942}") = "ISP", "ISP\ISP.vcxproj", "{E79CAA0F-32FD-4FBF-89F6-17038B15AE39}"
EndProject
Project("{8BC9CEB8-8B4A-11D0-8D11-00A0C91BC942}") = "Memory", "Memory\Memory.vcxproj", "{4507E4F5-FE0A-4DFE-B170-C5F35551C7A1}"
EndProject
Project("{8BC9CEB8-8B4A-11D0-8D11-00A0C91BC942}") = "Unique_lock", "Unique_lock\Unique_lock.vcxproj", "{01462F7A-0D78-4833-80F2-73CEF0629A5E}"
EndProject
Global
	GlobalSection(SolutionConfigurationPlatforms) = preSolution
		Debug|x64 = Debug|x64
		Debug|x86 = Debug|x86
		Release|x64 = Release|x64
		Release|x86 = Release|x86
	EndGlobalSection
	GlobalSection(ProjectConfigurationPlatforms) = postSolution
		{C558D853-C086-4461-BC18-F1B18B377AAF}.Debug|x64.ActiveCfg = Debug|x64
		{C558D853-C086-4461-BC18-F1B18B377AAF}.Debug|x64.Build.0 = Debug|x64
		{C558D853-C086-4461-BC18-F1B18B377AAF}.Debug|x86.ActiveCfg = Debug|Win32
		{C558D853-C086-4461-BC18-F1B18B377AAF}.Debug|x86.Build.0 = Debug|Win32
		{C558D853-C086-4461-BC18-F1B18B377AAF}.Release|x64.ActiveCfg = Release|x64
		{C558D853-C086-4461-BC18-F1B18B377AAF}.Release|x64.Build.0 = Release|x64
		{C558D853-C086-4461-BC18-F1B18B377AAF}.Release|x86.ActiveCfg = Release|Win32
		{C558D853-C086-4461-BC18-F1B18B377AAF}.Release|x86.Build.0 = Release|Win32
		{F279F8F5-1861-41AC-9933-67E21D402C61}.Debug|x64.ActiveCfg = Debug|x64
		{F279F8F5-1861-41AC-9933-67E21D402C61}.Debug|x64.Build.0 = Debug|x64
		{F279F8F5-1861-41AC-9933-67E21D402C61}.Debug|x86.ActiveCfg = Debug|Win32
		{F279F8F5-1861-41AC-9933-67E21D402C61}.Debug|x86.Build.0 = Debug|Win32
		{F279F8F5-1861-41AC-9933-67E21D402C61}.Release|x64.ActiveCfg = Release|x64
		{F279F8F5-1861-41AC-9933-67E21D402C61}.Release|x64.Build.0 = Release|x64
		{F279F8F5-1861-41AC-9933-67E21D402C61}.Release|x86.ActiveCfg = Release|Win32
		{F279F8F5-1861-41AC-9933-67E21D402C61}.Release|x86.Build.0 = Release|Win32
		{4F8C5F3E-E914-42AF-9927-A38B5119F6B8}.Debug|x64.ActiveCfg = Debug|x64
		{4F8C5F3E-E914-42AF-9927-A38B5119F6B8}.Debug|x64.Build.0 = Debug|x64
		{4F8C5F3E-E914-42AF-9927-A38B5119F6B8}.Debug|x86.ActiveCfg = Debug|Win32
		{4F8C5F3E-E914-42AF-9927-A38B5119F6B8}.Debug|x86.Build.0 = Debug|Win32
		{4F8C5F3E-E914-42AF-9927-A38B5119F6B8}.Release|x64.ActiveCfg = Release|x64
		{4F8C5F3E-E914-42AF-9927-A38B5119F6B8}.Release|x64.Build.0 = Release|x64
		{4F8C5F3E-E914-42AF-9927-A38B5119F6B8}.Release|x86.ActiveCfg = Release|Win32
		{4F8C5F3E-E914-42AF-9927-A38B5119F6B8}.Release|x86.Build.0 = Release|Win32
		{BF205444-D56C-4E35-8081-947EC9AE30A7}.Debug|x64.ActiveCfg = Debug|x64
		{BF205444-D56C-4E35-8081-947EC9AE30A7}.Debug|x64.Build.0 = Debug|x64
		{BF205444-D56C-4E35-8081-947EC9AE30A7}.Debug|x86.ActiveCfg = Debug|Win32
		{BF205444-D56C-4E35-8081-947EC9AE30A7}.Debug|x86.Build.0 = Debug|Win32
		{BF205444-D56C-4E35-8081-947EC9AE30A7}.Release|x64.ActiveCfg = Release|x64
		{BF205444-D56C-4E35-8081-947EC9AE30A7}.Release|x64.Build.0 = Release|x64
		{BF205444-D56C-4E35-8081-947EC9AE30A7}.Release|x86.ActiveCfg = Release|Win32
		{BF205444-D56C-4E35-8081-947EC9AE30A7}.Release|x86.Build.0 = Release|Win32
		{B6144C0B-3CEC-4B6F-BEEC-28415E2435D2}.Debug|x64.ActiveCfg = Debug|x64
		{B6144C0B-3CEC-4B6F-BEEC-28415E2435D2}.Debug|x64.Build.0 = Debug|x64
		{B6144C0B-3CEC-4B6F-BEEC-28415E2435D2}.Debug|x86.ActiveCfg = Debug|Win32
		{B6144C0B-3CEC-4B6F-BEEC-28415E2435D2}.Debug|x86.Build.0 = Debug|Win32
		{B6144C0B-3CEC-4B6F-BEEC-28415E2435D2}.Release|x64.ActiveCfg = Release|x64
		{B6144C0B-3CEC-4B6F-BEEC-28415E2435D2}.Release|x64.Build.0 = Release|x64
		{B6144C0B-3CEC-4B6F-BEEC-28415E2435D2}.Release|x86.ActiveCfg = Release|Win32
		{B6144C0B-3CEC-4B6F-BEEC-28415E2435D2}.Release|x86.Build.0 = Release|Win32
		{C247919B-F0EF-4F74-B936-95DD16490F86}.Debug|x64.ActiveCfg = Debug|x64
		{C247919B-F0EF-4F74-B936-95DD16490F86}.Debug|x64.Build.0 = Debug|x64
		{C247919B-F0EF-4F74-B936-95DD16490F86}.Debug|x86.ActiveCfg = Debug|Win32
		{C247919B-F0EF-4F74-B936-95DD16490F86}.Debug|x86.Build.0 = Debug|Win32
		{C247919B-F0EF-4F74-B936-95DD16490F86}.Release|x64.ActiveCfg = Release|x64
		{C247919B-F0EF-4F74-B936-95DD16490F86}.Release|x64.Build.0 = Release|x64
		{C247919B-F0EF-4F74-B936-95DD16490F86}.Release|x86.ActiveCfg = Release|Win32
		{C247919B-F0EF-4F74-B936-95DD16490F86}.Release|x86.Build.0 = Release|Win32
		{623C8B08-CB3A-4D2D-B68F-1E8E4AE8DEE4}.Debug|x64.ActiveCfg = Debug|x64
		{623C8B08-CB3A-4D2D-B68F-1E8E4AE8DEE4}.Debug|x64.Build.0 = Debug|x64
		{623C8B08-CB3A-4D2D-B68F-1E8E4AE8DEE4}.Debug|x86.ActiveCfg = Debug|Win32
		{623C8B08-CB3A-4D2D-B68F-1E8E4AE8DEE4}.Debug|x86.Build.0 = Debug|Win32
		{623C8B08-CB3A-4D2D-B68F-1E8E4AE8DEE4}.Release|x64.ActiveCfg = Release|x64
		{623C8B08-CB3A-4D2D-B68F-1E8E4AE8DEE4}.Release|x64.Build.0 = Release|x64
		{623C8B08-CB3A-4D2D-B68F-1E8E4AE8DEE4}.Release|x86.ActiveCfg = Release|Win32
		{623C8B08-CB3A-4D2D-B68F-1E8E4AE8DEE4}.Release|x86.Build.0 = Release|Win32
		{A1FB1DD5-2C98-41CB-B074-DEAD7438B41A}.Debug|x64.ActiveCfg = Debug|x64
		{A1FB1DD5-2C98-41CB-B074-DEAD7438B41A}.Debug|x64.Build.0 = Debug|x64
		{A1FB1DD5-2C98-41CB-B074-DEAD7438B41A}.Debug|x86.ActiveCfg = Debug|Win32
		{A1FB1DD5-2C98-41CB-B074-DEAD7438B41A}.Debug|x86.Build.0 = Debug|Win32
		{A1FB1DD5-2C98-41CB-B074-DEAD7438B41A}.Release|x64.ActiveCfg = Release|x64
		{A1FB1DD5-2C98-41CB-B074-DEAD7438B41A}.Release|x64.Build.0 = Release|x64
		{A1FB1DD5-2C98-41CB-B074-DEAD7438B41A}.Release|x86.ActiveCfg = Release|Win32
		{A1FB1DD5-2C98-41CB-B074-DEAD7438B41A}.Release|x86.Build.0 = Release|Win32
		{E79CAA0F-32FD-4FBF-89F6-17038B15AE39}.Debug|x64.ActiveCfg = Debug|x64
		{E79CAA0F-32FD-4FBF-89F6-17038B15AE39}.Debug|x64.Build.0 = Debug|x64
		{E79CAA0F-32FD-4FBF-89F6-17038B15AE39}.Debug|x86.ActiveCfg = Debug|Win32
		{E79CAA0F-32FD-4FBF-89F6-17038B15AE39}.Debug|x86.Build.0 = Debug|Win32
		{E79CAA0F-32FD-4FBF-89F6-17038B15AE39}.Release|x64.ActiveCfg = Release|x64
		{E79CAA0F-32FD-4FBF-89F6-17038B15AE39}.Release|x64.Build.0 = Release|x64
		{E79CAA0F-32FD-4FBF-89F6-17038B15AE39}.Release|x86.ActiveCfg = Release|Win32
		{E79CAA0F-32FD-4FBF-89F6-17038B15AE39}.Release|x86.Build.0 = Release|Win32
		{4507E4F5-FE0A-4DFE-B170-C5F35551C7A1}.Debug|x64.ActiveCfg = Debug|x64
		{4507E4F5-FE0A-4DFE-B170-C5F35551C7A1}.Debug|x64.Build.0 = Debug|x64
		{4507E4F5-FE0A-4DFE-B170-C5F35551C7A1}.Debug|x86.ActiveCfg = Debug|Win32
		{4507E4F5-FE0A-4DFE-B170-C5F35551C7A1}.Debug|x86.Build.0 = Debug|Win32
		{4507E4F5-FE0A-4DFE-B170-C5F35551C7A1}.Release|x64.ActiveCfg = Release|x64
		{4507E4F5-FE0A-4DFE-B170-C5F35551C7A1}.Release|x64.Build.0 = Release|x64
		{4507E4F5-FE0A-4DFE-B170-C5F35551C7A1}.Release|x86.ActiveCfg = Release|Win32
		{4507E4F5-FE0A-4DFE-B170-C5F35551C7A1}.Release|x86.Build.0 = Release|Win32
		{01462F7A-0D78-4833-80F2-73CEF0629A5E}.Debug|x64.ActiveCfg = Debug|x64
		{01462F7A-0D78-4833-80F2-73CEF0629A5E}.Debug|x64.Build.0 = Debug|x64
		{01462F7A-0D78-4833-80F2-73CEF0629A5E}.Debug|x86.ActiveCfg = Debug|Win32
		{01462F7A-0D78-4833-80F2-73CEF0629A5E}.Debug|x86.Build.0 = Debug|Win32
		{01462F7A-0D78-4833-80F2-73CEF0629A5E}.Release|x64.ActiveCfg = Release|x64
		{01462F7A-0D78-4833-80F2-73CEF0629A5E}.Release|x64.Build.0 = Release|x64
		{01462F7A-0D78-4833-80F2-73CEF0629A5E}.Release|x86.ActiveCfg = Release|Win32
		{01462F7A-0D78-4833-80F2-73CEF0629A5E}.Release|x86.Build.0 = Release|Win32
	EndGlobalSection
	GlobalSection(SolutionProperties) = preSolution
		HideSolutionNode = FALSE
	EndGlobalSection
	GlobalSection(ExtensibilityGlobals) = postSolution
		SolutionGuid = {729A4D07-C7E1-42BF-A608-EF01F857F549}
	EndGlobalSection
EndGlobal
